# This file is autogenerated, do not edit; changes may be undone by the next 'dep ensure'.


[[projects]]
  branch = "master"
  digest = "1:8fa55a6e302771a90a86ceae1ca3c0df4ef15d21092198e8313f61dde9eea963"
  name = "github.com/Yawning/chacha20"
  packages = ["."]
  pruneopts = "UT"
  revision = "e3b1f968fc6397b51d963fee8ec8711a47bc0ce8"

[[projects]]
  digest = "1:3690b4169ace25bf5fc1fe319d64fc463d4759975fadd34b73489a5a4c1c7cd4"
  name = "github.com/shadowsocks/shadowsocks-go"
  packages = ["shadowsocks"]
  pruneopts = "UT"
  revision = "97a5c71f80ba5f5b3e549f14a619fe557ff4f3c9"
  version = "1.2.1"

[[projects]]
  branch = "master"
  digest = "1:f7915bacd821bff419df0d9df35513e9f7f4fb3e69c0096f1a566d972c83b6a9"
  name = "golang.org/x/crypto"
  packages = [
    "blowfish",
    "cast5",
    "salsa20/salsa",
  ]
  pruneopts = "UT"
  revision = "e1dfcc566284e143ba8f9afbb3fa563f2a0d212b"

[[projects]]
  branch = "master"
  digest = "1:382bb5a7fb4034db3b6a2d19e5a4a6bcf52f4750530603c01ca18a172fa3089b"
  name = "golang.org/x/sync"
  packages = ["semaphore"]
  pruneopts = "UT"
  revision = "112230192c580c3556b8cee6403af37a4fc5f28c"

[solve-meta]
  analyzer-name = "dep"
  analyzer-version = 1
  input-imports = [
    "github.com/shadowsocks/shadowsocks-go/shadowsocks",
    "golang.org/x/sync/semaphore",
  ]
  solver-name = "gps-cdcl"
  solver-version = 1
